
Microsoft Visual Studio Solution File, Format Version 12.00
# Visual Studio 2012
Project("{FAE04EC0-301F-11D3-BF4B-00C04F79EFBC}") = "Algorithms.Collections", "src\Algorithms.Collections\Algorithms.Collections.csproj", "{5D3C6AFD-0970-4A1A-9D2C-9E8E65A3B8AF}"
EndProject
Project("{FAE04EC0-301F-11D3-BF4B-00C04F79EFBC}") = "Algorithms.Collections.Tests", "tests\Algorithms.Collections.Tests\Algorithms.Collections.Tests.csproj", "{930A6680-042C-4366-AA12-7751BB153DF2}"
EndProject
Global
	GlobalSection(SolutionConfigurationPlatforms) = preSolution
		Debug|Any CPU = Debug|Any CPU
		Release|Any CPU = Release|Any CPU
	EndGlobalSection
	GlobalSection(ProjectConfigurationPlatforms) = postSolution
		{5D3C6AFD-0970-4A1A-9D2C-9E8E65A3B8AF}.Debug|Any CPU.ActiveCfg = Debug|Any CPU
		{5D3C6AFD-0970-4A1A-9D2C-9E8E65A3B8AF}.Debug|Any CPU.Build.0 = Debug|Any CPU
		{5D3C6AFD-0970-4A1A-9D2C-9E8E65A3B8AF}.Release|Any CPU.ActiveCfg = Release|Any CPU
		{5D3C6AFD-0970-4A1A-9D2C-9E8E65A3B8AF}.Release|Any CPU.Build.0 = Release|Any CPU
		{930A6680-042C-4366-AA12-7751BB153DF2}.Debug|Any CPU.ActiveCfg = Debug|Any CPU
		{930A6680-042C-4366-AA12-7751BB153DF2}.Debug|Any CPU.Build.0 = Debug|Any CPU
		{930A6680-042C-4366-AA12-7751BB153DF2}.Release|Any CPU.ActiveCfg = Release|Any CPU
		{930A6680-042C-4366-AA12-7751BB153DF2}.Release|Any CPU.Build.0 = Release|Any CPU
	EndGlobalSection
	GlobalSection(SolutionProperties) = preSolution
		HideSolutionNode = FALSE
	EndGlobalSection
EndGlobal
